<?xml version="1.0" encoding="utf-8"?>
<Project ToolsVersion="4.0" xmlns="http://schemas.microsoft.com/developer/msbuild/2003">
  <ItemGroup>
    <Filter Include="scripts">
      <UniqueIdentifier>{6D076287-D9E6-E022-E2FE-6BF94E5D4784}</UniqueIdentifier>
    </Filter>
  </ItemGroup>
  <ItemGroup>
    <ClInclude Include="src\ExampleLayer.h" />
    <ClInclude Include="src\Sandbox2D.h" />
  </ItemGroup>
  <ItemGroup>
    <ClCompile Include="src\ExampleLayer.cpp" />
    <ClCompile Include="src\Sandbox2D.cpp" />
    <ClCompile Include="src\SandboxApp.cpp" />
  </ItemGroup>
  <ItemGroup>
    <None Include="src\scripts\test.lua">
      <Filter>scripts</Filter>
    </None>
  </ItemGroup>
</Project>